
Microsoft Visual Studio Solution File, Format Version 12.00
# Visual Studio Version 16
VisualStudioVersion = 16.0.30711.63
MinimumVisualStudioVersion = 10.0.40219.1
Project("{FAE04EC0-301F-11D3-BF4B-00C04F79EFBC}") = "MiseEnSituation", "MiseEnSituation\MiseEnSituation.csproj", "{FF8EF602-51CC-4690-9DC7-60AE55FE7F82}"
EndProject
Project("{FAE04EC0-301F-11D3-BF4B-00C04F79EFBC}") = "GenericRepositoryAndService", "GenericRepositoryAndService\GenericRepositoryAndService.csproj", "{7F6810CD-82B0-4F52-A61E-122631E599D1}"
EndProject
Project("{FAE04EC0-301F-11D3-BF4B-00C04F79EFBC}") = "TestGenericRepositoryAndService", "TestGenericRepositoryAndService\TestGenericRepositoryAndService.csproj", "{19AD1C17-608E-4363-B06C-AA82AEF40E5A}"
EndProject
Project("{FAE04EC0-301F-11D3-BF4B-00C04F79EFBC}") = "Model", "Model\Model.csproj", "{373CE695-B943-4109-8F89-CE02D6E7B697}"
EndProject
Project("{FAE04EC0-301F-11D3-BF4B-00C04F79EFBC}") = "Exceptions", "Exceptions\Exceptions.csproj", "{32677179-D820-402A-B9EF-A9E071ECC5C3}"
EndProject
Project("{FAE04EC0-301F-11D3-BF4B-00C04F79EFBC}") = "RepositoriesAndServices", "RepositoriesAndServices\RepositoriesAndServices.csproj", "{D840ABAB-6451-47AF-A3B7-D7A125FF760D}"
EndProject
Project("{FAE04EC0-301F-11D3-BF4B-00C04F79EFBC}") = "Tools", "Tools\Tools.csproj", "{91F11F72-5E84-4C92-98B7-7280BB6FFB20}"
EndProject
Global
	GlobalSection(SolutionConfigurationPlatforms) = preSolution
		Debug|Any CPU = Debug|Any CPU
		Release|Any CPU = Release|Any CPU
	EndGlobalSection
	GlobalSection(ProjectConfigurationPlatforms) = postSolution
		{FF8EF602-51CC-4690-9DC7-60AE55FE7F82}.Debug|Any CPU.ActiveCfg = Debug|Any CPU
		{FF8EF602-51CC-4690-9DC7-60AE55FE7F82}.Debug|Any CPU.Build.0 = Debug|Any CPU
		{FF8EF602-51CC-4690-9DC7-60AE55FE7F82}.Release|Any CPU.ActiveCfg = Release|Any CPU
		{FF8EF602-51CC-4690-9DC7-60AE55FE7F82}.Release|Any CPU.Build.0 = Release|Any CPU
		{7F6810CD-82B0-4F52-A61E-122631E599D1}.Debug|Any CPU.ActiveCfg = Debug|Any CPU
		{7F6810CD-82B0-4F52-A61E-122631E599D1}.Debug|Any CPU.Build.0 = Debug|Any CPU
		{7F6810CD-82B0-4F52-A61E-122631E599D1}.Release|Any CPU.ActiveCfg = Release|Any CPU
		{7F6810CD-82B0-4F52-A61E-122631E599D1}.Release|Any CPU.Build.0 = Release|Any CPU
		{19AD1C17-608E-4363-B06C-AA82AEF40E5A}.Debug|Any CPU.ActiveCfg = Debug|Any CPU
		{19AD1C17-608E-4363-B06C-AA82AEF40E5A}.Debug|Any CPU.Build.0 = Debug|Any CPU
		{19AD1C17-608E-4363-B06C-AA82AEF40E5A}.Release|Any CPU.ActiveCfg = Release|Any CPU
		{19AD1C17-608E-4363-B06C-AA82AEF40E5A}.Release|Any CPU.Build.0 = Release|Any CPU
		{373CE695-B943-4109-8F89-CE02D6E7B697}.Debug|Any CPU.ActiveCfg = Debug|Any CPU
		{373CE695-B943-4109-8F89-CE02D6E7B697}.Debug|Any CPU.Build.0 = Debug|Any CPU
		{373CE695-B943-4109-8F89-CE02D6E7B697}.Release|Any CPU.ActiveCfg = Release|Any CPU
		{373CE695-B943-4109-8F89-CE02D6E7B697}.Release|Any CPU.Build.0 = Release|Any CPU
		{32677179-D820-402A-B9EF-A9E071ECC5C3}.Debug|Any CPU.ActiveCfg = Debug|Any CPU
		{32677179-D820-402A-B9EF-A9E071ECC5C3}.Debug|Any CPU.Build.0 = Debug|Any CPU
		{32677179-D820-402A-B9EF-A9E071ECC5C3}.Release|Any CPU.ActiveCfg = Release|Any CPU
		{32677179-D820-402A-B9EF-A9E071ECC5C3}.Release|Any CPU.Build.0 = Release|Any CPU
		{D840ABAB-6451-47AF-A3B7-D7A125FF760D}.Debug|Any CPU.ActiveCfg = Debug|Any CPU
		{D840ABAB-6451-47AF-A3B7-D7A125FF760D}.Debug|Any CPU.Build.0 = Debug|Any CPU
		{D840ABAB-6451-47AF-A3B7-D7A125FF760D}.Release|Any CPU.ActiveCfg = Release|Any CPU
		{D840ABAB-6451-47AF-A3B7-D7A125FF760D}.Release|Any CPU.Build.0 = Release|Any CPU
		{91F11F72-5E84-4C92-98B7-7280BB6FFB20}.Debug|Any CPU.ActiveCfg = Debug|Any CPU
		{91F11F72-5E84-4C92-98B7-7280BB6FFB20}.Debug|Any CPU.Build.0 = Debug|Any CPU
		{91F11F72-5E84-4C92-98B7-7280BB6FFB20}.Release|Any CPU.ActiveCfg = Release|Any CPU
		{91F11F72-5E84-4C92-98B7-7280BB6FFB20}.Release|Any CPU.Build.0 = Release|Any CPU
	EndGlobalSection
	GlobalSection(SolutionProperties) = preSolution
		HideSolutionNode = FALSE
	EndGlobalSection
	GlobalSection(ExtensibilityGlobals) = postSolution
		SolutionGuid = {252FF3C1-59EE-4924-B646-715A46E2180F}
	EndGlobalSection
EndGlobal
